{
  "name": "zustand-promise-migration-audit",
  "lockfileVersion": 3,
  "requires": true,
  "packages": {
    "": {
      "name": "zustand-promise-migration-audit",
      "dependencies": {
        "dexie": "4.4.5",
        "fake-indexeddb": "6.2.5",
        "zustand": "5.0.15"
      }
    },
    "node_modules/dexie": {
      "version": "4.4.5",
      "resolved": "https://registry.npmjs.org/dexie/-/dexie-4.4.5.tgz",
      "integrity": "sha512-wWCHdihT3dmlUSuNhn5mMZDWSpG0suxjAni7YjjiZdzabZcKmy3uNZGZ7AeYYXBoLbpSXX35fikPLkPC44Osiw==",
      "license": "Apache-2.0"
    },
    "node_modules/fake-indexeddb": {
      "version": "6.2.5",
      "resolved": "https://registry.npmjs.org/fake-indexeddb/-/fake-indexeddb-6.2.5.tgz",
      "integrity": "sha512-CGnyrvbhPlWYMngksqrSSUT1BAVP49dZocrHuK0SvtR0D5TMs5wP0o3j7jexDJW01KSadjBp1M/71o/KR3nD1w==",
      "license": "Apache-2.0",
      "engines": {
        "node": ">=18"
      }
    },
    "node_modules/zustand": {
      "version": "5.0.15",
      "resolved": "https://registry.npmjs.org/zustand/-/zustand-5.0.15.tgz",
      "integrity": "sha512-MpSEjRiBkA9crSYeOUH32rJC7SVqAbm0Fqcqge/bUi2PPoLcBWKOsG+C8mevmpr8TwXHBVkChbbJiyvkE+i/3A==",
      "license": "MIT",
      "engines": {
        "node": ">=12.20.0"
      },
      "peerDependencies": {
        "@types/react": ">=18.0.0",
        "immer": ">=9.0.6",
        "react": ">=18.0.0",
        "use-sync-external-store": ">=1.2.0"
      },
      "peerDependenciesMeta": {
        "@types/react": {
          "optional": true
        },
        "immer": {
          "optional": true
        },
        "react": {
          "optional": true
        },
        "use-sync-external-store": {
          "optional": true
        }
      }
    }
  }
}
